
Microsoft Visual Studio Solution File, Format Version 12.00
# Visual Studio 15
VisualStudioVersion = 15.0.27703.2035
MinimumVisualStudioVersion = 10.0.40219.1
Project("{9A19103F-16F7-4668-BE54-9A1E7A4F7556}") = "BasicDesk.App", "BasicDesk.App\BasicDesk.App.csproj", "{C509CD79-3C85-405A-9931-1E56CAB4139B}"
EndProject
Project("{9A19103F-16F7-4668-BE54-9A1E7A4F7556}") = "BasicDesk.Data", "BasicDesk.Data\BasicDesk.Data.csproj", "{BE99FB9E-34B4-4688-8640-1B14C1C28087}"
EndProject
Project("{9A19103F-16F7-4668-BE54-9A1E7A4F7556}") = "BasicDesk.Common", "BasicDesk.Common\BasicDesk.Common.csproj", "{0716FA26-696A-4B46-8D94-2B2287EA51C4}"
EndProject
Project("{9A19103F-16F7-4668-BE54-9A1E7A4F7556}") = "BasicDesk.Services", "BasicDesk.Services\BasicDesk.Services.csproj", "{B9EBEA14-50D8-4A6A-B148-06ED90591E19}"
EndProject
Project("{9A19103F-16F7-4668-BE54-9A1E7A4F7556}") = "BasicDesk.App.Models", "BasicDesk.App.Models\BasicDesk.App.Models.csproj", "{543F7CAB-D756-4E56-8469-A1B5F181556D}"
EndProject
Project("{9A19103F-16F7-4668-BE54-9A1E7A4F7556}") = "BasicDesk.Data.Models", "BasicDesk.Models\BasicDesk.Data.Models.csproj", "{0BB4CE88-F803-46A0-A87C-F3022F91C161}"
EndProject
Project("{FAE04EC0-301F-11D3-BF4B-00C04F79EFBC}") = "BasicDesk.Mapping", "BasicDesk.Mapping\BasicDesk.Mapping.csproj", "{B17123C4-D1F3-439D-AEE1-100B975C7AC7}"
EndProject
Global
	GlobalSection(SolutionConfigurationPlatforms) = preSolution
		Debug|Any CPU = Debug|Any CPU
		Release|Any CPU = Release|Any CPU
	EndGlobalSection
	GlobalSection(ProjectConfigurationPlatforms) = postSolution
		{C509CD79-3C85-405A-9931-1E56CAB4139B}.Debug|Any CPU.ActiveCfg = Debug|Any CPU
		{C509CD79-3C85-405A-9931-1E56CAB4139B}.Debug|Any CPU.Build.0 = Debug|Any CPU
		{C509CD79-3C85-405A-9931-1E56CAB4139B}.Release|Any CPU.ActiveCfg = Release|Any CPU
		{C509CD79-3C85-405A-9931-1E56CAB4139B}.Release|Any CPU.Build.0 = Release|Any CPU
		{BE99FB9E-34B4-4688-8640-1B14C1C28087}.Debug|Any CPU.ActiveCfg = Debug|Any CPU
		{BE99FB9E-34B4-4688-8640-1B14C1C28087}.Debug|Any CPU.Build.0 = Debug|Any CPU
		{BE99FB9E-34B4-4688-8640-1B14C1C28087}.Release|Any CPU.ActiveCfg = Release|Any CPU
		{BE99FB9E-34B4-4688-8640-1B14C1C28087}.Release|Any CPU.Build.0 = Release|Any CPU
		{0716FA26-696A-4B46-8D94-2B2287EA51C4}.Debug|Any CPU.ActiveCfg = Debug|Any CPU
		{0716FA26-696A-4B46-8D94-2B2287EA51C4}.Debug|Any CPU.Build.0 = Debug|Any CPU
		{0716FA26-696A-4B46-8D94-2B2287EA51C4}.Release|Any CPU.ActiveCfg = Release|Any CPU
		{0716FA26-696A-4B46-8D94-2B2287EA51C4}.Release|Any CPU.Build.0 = Release|Any CPU
		{B9EBEA14-50D8-4A6A-B148-06ED90591E19}.Debug|Any CPU.ActiveCfg = Debug|Any CPU
		{B9EBEA14-50D8-4A6A-B148-06ED90591E19}.Debug|Any CPU.Build.0 = Debug|Any CPU
		{B9EBEA14-50D8-4A6A-B148-06ED90591E19}.Release|Any CPU.ActiveCfg = Release|Any CPU
		{B9EBEA14-50D8-4A6A-B148-06ED90591E19}.Release|Any CPU.Build.0 = Release|Any CPU
		{543F7CAB-D756-4E56-8469-A1B5F181556D}.Debug|Any CPU.ActiveCfg = Debug|Any CPU
		{543F7CAB-D756-4E56-8469-A1B5F181556D}.Debug|Any CPU.Build.0 = Debug|Any CPU
		{543F7CAB-D756-4E56-8469-A1B5F181556D}.Release|Any CPU.ActiveCfg = Release|Any CPU
		{543F7CAB-D756-4E56-8469-A1B5F181556D}.Release|Any CPU.Build.0 = Release|Any CPU
		{0BB4CE88-F803-46A0-A87C-F3022F91C161}.Debug|Any CPU.ActiveCfg = Debug|Any CPU
		{0BB4CE88-F803-46A0-A87C-F3022F91C161}.Debug|Any CPU.Build.0 = Debug|Any CPU
		{0BB4CE88-F803-46A0-A87C-F3022F91C161}.Release|Any CPU.ActiveCfg = Release|Any CPU
		{0BB4CE88-F803-46A0-A87C-F3022F91C161}.Release|Any CPU.Build.0 = Release|Any CPU
		{B17123C4-D1F3-439D-AEE1-100B975C7AC7}.Debug|Any CPU.ActiveCfg = Debug|Any CPU
		{B17123C4-D1F3-439D-AEE1-100B975C7AC7}.Debug|Any CPU.Build.0 = Debug|Any CPU
		{B17123C4-D1F3-439D-AEE1-100B975C7AC7}.Release|Any CPU.ActiveCfg = Release|Any CPU
		{B17123C4-D1F3-439D-AEE1-100B975C7AC7}.Release|Any CPU.Build.0 = Release|Any CPU
	EndGlobalSection
	GlobalSection(SolutionProperties) = preSolution
		HideSolutionNode = FALSE
	EndGlobalSection
	GlobalSection(ExtensibilityGlobals) = postSolution
		SolutionGuid = {02AE030E-DAB8-4F9F-B94B-0085E1C4BE95}
	EndGlobalSection
EndGlobal
